
Microsoft Visual Studio Solution File, Format Version 12.00
# Visual Studio 15
VisualStudioVersion = 15.0.28010.2048
MinimumVisualStudioVersion = 10.0.40219.1
Project("{FAE04EC0-301F-11D3-BF4B-00C04F79EFBC}") = "CampfirePlanner", "CampfirePlanner\CampfirePlanner.csproj", "{70A035E6-AD71-4E3F-95ED-CD9DD458907E}"
EndProject
Global
	GlobalSection(SolutionConfigurationPlatforms) = preSolution
		Debug|Any CPU = Debug|Any CPU
		Release|Any CPU = Release|Any CPU
	EndGlobalSection
	GlobalSection(ProjectConfigurationPlatforms) = postSolution
		{70A035E6-AD71-4E3F-95ED-CD9DD458907E}.Debug|Any CPU.ActiveCfg = Debug|Any CPU
		{70A035E6-AD71-4E3F-95ED-CD9DD458907E}.Debug|Any CPU.Build.0 = Debug|Any CPU
		{70A035E6-AD71-4E3F-95ED-CD9DD458907E}.Release|Any CPU.ActiveCfg = Release|Any CPU
		{70A035E6-AD71-4E3F-95ED-CD9DD458907E}.Release|Any CPU.Build.0 = Release|Any CPU
	EndGlobalSection
	GlobalSection(SolutionProperties) = preSolution
		HideSolutionNode = FALSE
	EndGlobalSection
	GlobalSection(ExtensibilityGlobals) = postSolution
		SolutionGuid = {E37FA87A-6570-4F89-83A1-99C1AD9F793B}
	EndGlobalSection
EndGlobal
